
Microsoft Visual Studio Solution File, Format Version 12.00
# Visual Studio Version 16
VisualStudioVersion = 16.0.29418.71
MinimumVisualStudioVersion = 10.0.40219.1
Project("{FAE04EC0-301F-11D3-BF4B-00C04F79EFBC}") = "PunchCardApp", "PunchCardApp\PunchCardApp.csproj", "{E50A3752-368F-4733-9B99-A6000814AA81}"
EndProject
Project("{9A19103F-16F7-4668-BE54-9A1E7A4F7556}") = "Core", "Core\Core.csproj", "{DAB6CFCD-8B53-4102-832E-85EC2BCF43C7}"
EndProject
Project("{FAE04EC0-301F-11D3-BF4B-00C04F79EFBC}") = "AutoPunchIn", "AutoPunchIn\AutoPunchIn.csproj", "{716965A8-884A-4C6B-9A64-5A625002317D}"
EndProject
Project("{FAE04EC0-301F-11D3-BF4B-00C04F79EFBC}") = "UnitTests", "UnitTests\UnitTests.csproj", "{AFA88607-73C6-40C4-9BD4-F08F02E54500}"
EndProject
Global
	GlobalSection(SolutionConfigurationPlatforms) = preSolution
		Debug|Any CPU = Debug|Any CPU
		Release|Any CPU = Release|Any CPU
	EndGlobalSection
	GlobalSection(ProjectConfigurationPlatforms) = postSolution
		{E50A3752-368F-4733-9B99-A6000814AA81}.Debug|Any CPU.ActiveCfg = Debug|Any CPU
		{E50A3752-368F-4733-9B99-A6000814AA81}.Debug|Any CPU.Build.0 = Debug|Any CPU
		{E50A3752-368F-4733-9B99-A6000814AA81}.Release|Any CPU.ActiveCfg = Release|Any CPU
		{E50A3752-368F-4733-9B99-A6000814AA81}.Release|Any CPU.Build.0 = Release|Any CPU
		{DAB6CFCD-8B53-4102-832E-85EC2BCF43C7}.Debug|Any CPU.ActiveCfg = Debug|Any CPU
		{DAB6CFCD-8B53-4102-832E-85EC2BCF43C7}.Debug|Any CPU.Build.0 = Debug|Any CPU
		{DAB6CFCD-8B53-4102-832E-85EC2BCF43C7}.Release|Any CPU.ActiveCfg = Release|Any CPU
		{DAB6CFCD-8B53-4102-832E-85EC2BCF43C7}.Release|Any CPU.Build.0 = Release|Any CPU
		{716965A8-884A-4C6B-9A64-5A625002317D}.Debug|Any CPU.ActiveCfg = Debug|Any CPU
		{716965A8-884A-4C6B-9A64-5A625002317D}.Debug|Any CPU.Build.0 = Debug|Any CPU
		{716965A8-884A-4C6B-9A64-5A625002317D}.Release|Any CPU.ActiveCfg = Release|Any CPU
		{716965A8-884A-4C6B-9A64-5A625002317D}.Release|Any CPU.Build.0 = Release|Any CPU
		{AFA88607-73C6-40C4-9BD4-F08F02E54500}.Debug|Any CPU.ActiveCfg = Debug|Any CPU
		{AFA88607-73C6-40C4-9BD4-F08F02E54500}.Debug|Any CPU.Build.0 = Debug|Any CPU
		{AFA88607-73C6-40C4-9BD4-F08F02E54500}.Release|Any CPU.ActiveCfg = Release|Any CPU
		{AFA88607-73C6-40C4-9BD4-F08F02E54500}.Release|Any CPU.Build.0 = Release|Any CPU
	EndGlobalSection
	GlobalSection(SolutionProperties) = preSolution
		HideSolutionNode = FALSE
	EndGlobalSection
	GlobalSection(ExtensibilityGlobals) = postSolution
		SolutionGuid = {55C40F33-380B-41ED-9A71-9543704A56F4}
	EndGlobalSection
EndGlobal
